// !$*UTF8*$!
{
	archiveVersion = 1;
	classes = {
	};
	objectVersion = 51;
	objects = {

/* Begin PBXBuildFile section */
		B00BA4D5234235C500FD6D35 /* AppDelegate.swift in Sources */ = {isa = PBXBuildFile; fileRef = B00BA4D4234235C500FD6D35 /* AppDelegate.swift */; };
		B00BA4DC234235C700FD6D35 /* Assets.xcassets in Resources */ = {isa = PBXBuildFile; fileRef = B00BA4DB234235C700FD6D35 /* Assets.xcassets */; };
		B00BA4DF234235C700FD6D35 /* LaunchScreen.storyboard in Resources */ = {isa = PBXBuildFile; fileRef = B00BA4DD234235C700FD6D35 /* LaunchScreen.storyboard */; };
		B049A8CA23477EAB00E630BB /* DashBoardViewController.swift in Sources */ = {isa = PBXBuildFile; fileRef = B049A8C823477EAB00E630BB /* DashBoardViewController.swift */; };
		B049A8CB23477EAB00E630BB /* DashBoardViewController.xib in Resources */ = {isa = PBXBuildFile; fileRef = B049A8C923477EAB00E630BB /* DashBoardViewController.xib */; };
		B049A8CD234786C700E630BB /* Extension + UIViewController.swift in Sources */ = {isa = PBXBuildFile; fileRef = B049A8CC234786C700E630BB /* Extension + UIViewController.swift */; };
		B049A8D0234791D000E630BB /* Utils.swift in Sources */ = {isa = PBXBuildFile; fileRef = B049A8CF234791D000E630BB /* Utils.swift */; };
		B049A8D22347AD7D00E630BB /* MasterViewController.swift in Sources */ = {isa = PBXBuildFile; fileRef = B049A8D12347AD7D00E630BB /* MasterViewController.swift */; };
		B0701953234E2A7100F7141A /* ContainerViewController.swift in Sources */ = {isa = PBXBuildFile; fileRef = B0701951234E2A7100F7141A /* ContainerViewController.swift */; };
		B0701954234E2A7100F7141A /* ContainerViewController.xib in Resources */ = {isa = PBXBuildFile; fileRef = B0701952234E2A7100F7141A /* ContainerViewController.xib */; };
		B0701957234E2D0F00F7141A /* AllRoomCell.swift in Sources */ = {isa = PBXBuildFile; fileRef = B0701955234E2D0F00F7141A /* AllRoomCell.swift */; };
		B0701958234E2D0F00F7141A /* AllRoomCell.xib in Resources */ = {isa = PBXBuildFile; fileRef = B0701956234E2D0F00F7141A /* AllRoomCell.xib */; };
		B0A564B5234251F5000764D6 /* Service.swift in Sources */ = {isa = PBXBuildFile; fileRef = B0A564B4234251F5000764D6 /* Service.swift */; };
		B0CB6DE12346452300626CFA /* Register.swift in Sources */ = {isa = PBXBuildFile; fileRef = B0CB6DE02346452300626CFA /* Register.swift */; };
		B0CB6DE42346496400626CFA /* Extension+UIView.swift in Sources */ = {isa = PBXBuildFile; fileRef = B0CB6DE32346496400626CFA /* Extension+UIView.swift */; };
		B0E4007F2349EFEC001954D7 /* WebSocket.swift in Sources */ = {isa = PBXBuildFile; fileRef = B0E4007E2349EFEC001954D7 /* WebSocket.swift */; };
		B0E400812349FB27001954D7 /* AllRoom.swift in Sources */ = {isa = PBXBuildFile; fileRef = B0E400802349FB27001954D7 /* AllRoom.swift */; };
		B0E40086234A2367001954D7 /* AllRoomViewController.swift in Sources */ = {isa = PBXBuildFile; fileRef = B0E40084234A2367001954D7 /* AllRoomViewController.swift */; };
		B0E40087234A2367001954D7 /* AllRoomViewController.xib in Resources */ = {isa = PBXBuildFile; fileRef = B0E40085234A2367001954D7 /* AllRoomViewController.xib */; };
		B0E4008A234A2375001954D7 /* RankViewController.swift in Sources */ = {isa = PBXBuildFile; fileRef = B0E40088234A2375001954D7 /* RankViewController.swift */; };
		B0E4008B234A2375001954D7 /* RankViewController.xib in Resources */ = {isa = PBXBuildFile; fileRef = B0E40089234A2375001954D7 /* RankViewController.xib */; };
		B0E4008E234A2387001954D7 /* ProfileViewController.swift in Sources */ = {isa = PBXBuildFile; fileRef = B0E4008C234A2387001954D7 /* ProfileViewController.swift */; };
		B0E4008F234A2387001954D7 /* ProfileViewController.xib in Resources */ = {isa = PBXBuildFile; fileRef = B0E4008D234A2387001954D7 /* ProfileViewController.xib */; };
		B0E40094234A409B001954D7 /* AdvanceTemplate.swift in Sources */ = {isa = PBXBuildFile; fileRef = B0E40093234A409B001954D7 /* AdvanceTemplate.swift */; };
		B0F890372344DC0E005B496A /* Enums.swift in Sources */ = {isa = PBXBuildFile; fileRef = B0F890362344DC0D005B496A /* Enums.swift */; };
		B0F8903A2344E4A4005B496A /* LoginViewController.swift in Sources */ = {isa = PBXBuildFile; fileRef = B0F890382344E4A4005B496A /* LoginViewController.swift */; };
		B0F8903B2344E4A4005B496A /* LoginViewController.xib in Resources */ = {isa = PBXBuildFile; fileRef = B0F890392344E4A4005B496A /* LoginViewController.xib */; };
		B0F8903D2344EE6B005B496A /* Login.swift in Sources */ = {isa = PBXBuildFile; fileRef = B0F8903C2344EE6B005B496A /* Login.swift */; };
		B0F890412344F86A005B496A /* Helper.swift in Sources */ = {isa = PBXBuildFile; fileRef = B0F890402344F86A005B496A /* Helper.swift */; };
		B0F890432344F9F5005B496A /* AccountDataManager.swift in Sources */ = {isa = PBXBuildFile; fileRef = B0F890422344F9F5005B496A /* AccountDataManager.swift */; };
		B0F8904723450AD9005B496A /* RegisterViewController.swift in Sources */ = {isa = PBXBuildFile; fileRef = B0F8904523450AD9005B496A /* RegisterViewController.swift */; };
		B0F8904823450AD9005B496A /* RegisterViewController.xib in Resources */ = {isa = PBXBuildFile; fileRef = B0F8904623450AD9005B496A /* RegisterViewController.xib */; };
		C89310F75FEA969E01406C44 /* Pods_GameCaro.framework in Frameworks */ = {isa = PBXBuildFile; fileRef = 06BE173E59A1517AEE47CC63 /* Pods_GameCaro.framework */; };
/* End PBXBuildFile section */

/* Begin PBXFileReference section */
		06BE173E59A1517AEE47CC63 /* Pods_GameCaro.framework */ = {isa = PBXFileReference; explicitFileType = wrapper.framework; includeInIndex = 0; path = Pods_GameCaro.framework; sourceTree = BUILT_PRODUCTS_DIR; };
		1D0263BD1F994DCCD75ADAD3 /* Pods-GameCaro.release.xcconfig */ = {isa = PBXFileReference; includeInIndex = 1; lastKnownFileType = text.xcconfig; name = "Pods-GameCaro.release.xcconfig"; path = "Target Support Files/Pods-GameCaro/Pods-GameCaro.release.xcconfig"; sourceTree = "<group>"; };
		AC74EDF0B4D596894F9BA248 /* Pods-GameCaro.debug.xcconfig */ = {isa = PBXFileReference; includeInIndex = 1; lastKnownFileType = text.xcconfig; name = "Pods-GameCaro.debug.xcconfig"; path = "Target Support Files/Pods-GameCaro/Pods-GameCaro.debug.xcconfig"; sourceTree = "<group>"; };
		B00BA4D1234235C500FD6D35 /* GameCaro.app */ = {isa = PBXFileReference; explicitFileType = wrapper.application; includeInIndex = 0; path = GameCaro.app; sourceTree = BUILT_PRODUCTS_DIR; };
		B00BA4D4234235C500FD6D35 /* AppDelegate.swift */ = {isa = PBXFileReference; lastKnownFileType = sourcecode.swift; path = AppDelegate.swift; sourceTree = "<group>"; };
		B00BA4DB234235C700FD6D35 /* Assets.xcassets */ = {isa = PBXFileReference; lastKnownFileType = folder.assetcatalog; path = Assets.xcassets; sourceTree = "<group>"; };
		B00BA4DE234235C700FD6D35 /* Base */ = {isa = PBXFileReference; lastKnownFileType = file.storyboard; name = Base; path = Base.lproj/LaunchScreen.storyboard; sourceTree = "<group>"; };
		B00BA4E0234235C700FD6D35 /* Info.plist */ = {isa = PBXFileReference; lastKnownFileType = text.plist.xml; path = Info.plist; sourceTree = "<group>"; };
		B049A8C823477EAB00E630BB /* DashBoardViewController.swift */ = {isa = PBXFileReference; lastKnownFileType = sourcecode.swift; path = DashBoardViewController.swift; sourceTree = "<group>"; };
		B049A8C923477EAB00E630BB /* DashBoardViewController.xib */ = {isa = PBXFileReference; lastKnownFileType = file.xib; path = DashBoardViewController.xib; sourceTree = "<group>"; };
		B049A8CC234786C700E630BB /* Extension + UIViewController.swift */ = {isa = PBXFileReference; lastKnownFileType = sourcecode.swift; path = "Extension + UIViewController.swift"; sourceTree = "<group>"; };
		B049A8CF234791D000E630BB /* Utils.swift */ = {isa = PBXFileReference; lastKnownFileType = sourcecode.swift; path = Utils.swift; sourceTree = "<group>"; };
		B049A8D12347AD7D00E630BB /* MasterViewController.swift */ = {isa = PBXFileReference; lastKnownFileType = sourcecode.swift; path = MasterViewController.swift; sourceTree = "<group>"; };
		B0701951234E2A7100F7141A /* ContainerViewController.swift */ = {isa = PBXFileReference; lastKnownFileType = sourcecode.swift; path = ContainerViewController.swift; sourceTree = "<group>"; };
		B0701952234E2A7100F7141A /* ContainerViewController.xib */ = {isa = PBXFileReference; lastKnownFileType = file.xib; path = ContainerViewController.xib; sourceTree = "<group>"; };
		B0701955234E2D0F00F7141A /* AllRoomCell.swift */ = {isa = PBXFileReference; lastKnownFileType = sourcecode.swift; path = AllRoomCell.swift; sourceTree = "<group>"; };
		B0701956234E2D0F00F7141A /* AllRoomCell.xib */ = {isa = PBXFileReference; lastKnownFileType = file.xib; path = AllRoomCell.xib; sourceTree = "<group>"; };
		B0A564B4234251F5000764D6 /* Service.swift */ = {isa = PBXFileReference; lastKnownFileType = sourcecode.swift; path = Service.swift; sourceTree = "<group>"; };
		B0CB6DE02346452300626CFA /* Register.swift */ = {isa = PBXFileReference; lastKnownFileType = sourcecode.swift; path = Register.swift; sourceTree = "<group>"; };
		B0CB6DE32346496400626CFA /* Extension+UIView.swift */ = {isa = PBXFileReference; lastKnownFileType = sourcecode.swift; path = "Extension+UIView.swift"; sourceTree = "<group>"; };
		B0E4007E2349EFEC001954D7 /* WebSocket.swift */ = {isa = PBXFileReference; lastKnownFileType = sourcecode.swift; path = WebSocket.swift; sourceTree = "<group>"; };
		B0E400802349FB27001954D7 /* AllRoom.swift */ = {isa = PBXFileReference; lastKnownFileType = sourcecode.swift; path = AllRoom.swift; sourceTree = "<group>"; };
		B0E40084234A2367001954D7 /* AllRoomViewController.swift */ = {isa = PBXFileReference; lastKnownFileType = sourcecode.swift; path = AllRoomViewController.swift; sourceTree = "<group>"; };
		B0E40085234A2367001954D7 /* AllRoomViewController.xib */ = {isa = PBXFileReference; lastKnownFileType = file.xib; path = AllRoomViewController.xib; sourceTree = "<group>"; };
		B0E40088234A2375001954D7 /* RankViewController.swift */ = {isa = PBXFileReference; lastKnownFileType = sourcecode.swift; path = RankViewController.swift; sourceTree = "<group>"; };
		B0E40089234A2375001954D7 /* RankViewController.xib */ = {isa = PBXFileReference; lastKnownFileType = file.xib; path = RankViewController.xib; sourceTree = "<group>"; };
		B0E4008C234A2387001954D7 /* ProfileViewController.swift */ = {isa = PBXFileReference; lastKnownFileType = sourcecode.swift; path = ProfileViewController.swift; sourceTree = "<group>"; };
		B0E4008D234A2387001954D7 /* ProfileViewController.xib */ = {isa = PBXFileReference; lastKnownFileType = file.xib; path = ProfileViewController.xib; sourceTree = "<group>"; };
		B0E40093234A409B001954D7 /* AdvanceTemplate.swift */ = {isa = PBXFileReference; lastKnownFileType = sourcecode.swift; path = AdvanceTemplate.swift; sourceTree = "<group>"; };
		B0F890362344DC0D005B496A /* Enums.swift */ = {isa = PBXFileReference; lastKnownFileType = sourcecode.swift; path = Enums.swift; sourceTree = "<group>"; };
		B0F890382344E4A4005B496A /* LoginViewController.swift */ = {isa = PBXFileReference; lastKnownFileType = sourcecode.swift; path = LoginViewController.swift; sourceTree = "<group>"; };
		B0F890392344E4A4005B496A /* LoginViewController.xib */ = {isa = PBXFileReference; lastKnownFileType = file.xib; path = LoginViewController.xib; sourceTree = "<group>"; };
		B0F8903C2344EE6B005B496A /* Login.swift */ = {isa = PBXFileReference; lastKnownFileType = sourcecode.swift; path = Login.swift; sourceTree = "<group>"; };
		B0F890402344F86A005B496A /* Helper.swift */ = {isa = PBXFileReference; lastKnownFileType = sourcecode.swift; path = Helper.swift; sourceTree = "<group>"; };
		B0F890422344F9F5005B496A /* AccountDataManager.swift */ = {isa = PBXFileReference; lastKnownFileType = sourcecode.swift; path = AccountDataManager.swift; sourceTree = "<group>"; };
		B0F8904523450AD9005B496A /* RegisterViewController.swift */ = {isa = PBXFileReference; lastKnownFileType = sourcecode.swift; path = RegisterViewController.swift; sourceTree = "<group>"; };
		B0F8904623450AD9005B496A /* RegisterViewController.xib */ = {isa = PBXFileReference; lastKnownFileType = file.xib; path = RegisterViewController.xib; sourceTree = "<group>"; };
/* End PBXFileReference section */

/* Begin PBXFrameworksBuildPhase section */
		B00BA4CE234235C500FD6D35 /* Frameworks */ = {
			isa = PBXFrameworksBuildPhase;
			buildActionMask = 2147483647;
			files = (
				C89310F75FEA969E01406C44 /* Pods_GameCaro.framework in Frameworks */,
			);
			runOnlyForDeploymentPostprocessing = 0;
		};
/* End PBXFrameworksBuildPhase section */

/* Begin PBXGroup section */
		1C818D1D61BADBAAFA0CC2D6 /* Pods */ = {
			isa = PBXGroup;
			children = (
				AC74EDF0B4D596894F9BA248 /* Pods-GameCaro.debug.xcconfig */,
				1D0263BD1F994DCCD75ADAD3 /* Pods-GameCaro.release.xcconfig */,
			);
			path = Pods;
			sourceTree = "<group>";
		};
		8473EC3FC3424FB273412AC7 /* Frameworks */ = {
			isa = PBXGroup;
			children = (
				06BE173E59A1517AEE47CC63 /* Pods_GameCaro.framework */,
			);
			name = Frameworks;
			sourceTree = "<group>";
		};
		B00BA4C8234235C500FD6D35 = {
			isa = PBXGroup;
			children = (
				B00BA4D3234235C500FD6D35 /* GameCaro */,
				B00BA4D2234235C500FD6D35 /* Products */,
				1C818D1D61BADBAAFA0CC2D6 /* Pods */,
				8473EC3FC3424FB273412AC7 /* Frameworks */,
			);
			sourceTree = "<group>";
		};
		B00BA4D2234235C500FD6D35 /* Products */ = {
			isa = PBXGroup;
			children = (
				B00BA4D1234235C500FD6D35 /* GameCaro.app */,
			);
			name = Products;
			sourceTree = "<group>";
		};
		B00BA4D3234235C500FD6D35 /* GameCaro */ = {
			isa = PBXGroup;
			children = (
				B049A8D32347B0AE00E630BB /* Packages */,
				B0F890332344DBF1005B496A /* Controller */,
				B0F890342344DBFA005B496A /* Model */,
				B0F890352344DBFE005B496A /* View */,
				B00BA4D4234235C500FD6D35 /* AppDelegate.swift */,
				B00BA4DB234235C700FD6D35 /* Assets.xcassets */,
				B00BA4DD234235C700FD6D35 /* LaunchScreen.storyboard */,
				B00BA4E0234235C700FD6D35 /* Info.plist */,
			);
			path = GameCaro;
			sourceTree = "<group>";
		};
		B049A8D32347B0AE00E630BB /* Packages */ = {
			isa = PBXGroup;
			children = (
				B0E40092234A400A001954D7 /* AdvanceTemplate */,
				B049A8D42347B13B00E630BB /* MasterViewController */,
				B0CB6DE22346494B00626CFA /* Extensions */,
				B0A564B3234251D5000764D6 /* Service */,
				B0F89044234507F9005B496A /* Helper */,
			);
			path = Packages;
			sourceTree = "<group>";
		};
		B049A8D42347B13B00E630BB /* MasterViewController */ = {
			isa = PBXGroup;
			children = (
				B049A8D12347AD7D00E630BB /* MasterViewController.swift */,
			);
			path = MasterViewController;
			sourceTree = "<group>";
		};
		B0A564B3234251D5000764D6 /* Service */ = {
			isa = PBXGroup;
			children = (
				B0A564B4234251F5000764D6 /* Service.swift */,
				B0E4007E2349EFEC001954D7 /* WebSocket.swift */,
			);
			path = Service;
			sourceTree = "<group>";
		};
		B0CB6DE22346494B00626CFA /* Extensions */ = {
			isa = PBXGroup;
			children = (
				B0CB6DE32346496400626CFA /* Extension+UIView.swift */,
				B049A8CC234786C700E630BB /* Extension + UIViewController.swift */,
			);
			path = Extensions;
			sourceTree = "<group>";
		};
		B0E40092234A400A001954D7 /* AdvanceTemplate */ = {
			isa = PBXGroup;
			children = (
				B0E40093234A409B001954D7 /* AdvanceTemplate.swift */,
			);
			path = AdvanceTemplate;
			sourceTree = "<group>";
		};
		B0F890332344DBF1005B496A /* Controller */ = {
			isa = PBXGroup;
			children = (
				B0F890382344E4A4005B496A /* LoginViewController.swift */,
				B0F890392344E4A4005B496A /* LoginViewController.xib */,
				B0F8904523450AD9005B496A /* RegisterViewController.swift */,
				B0F8904623450AD9005B496A /* RegisterViewController.xib */,
				B049A8C823477EAB00E630BB /* DashBoardViewController.swift */,
				B049A8C923477EAB00E630BB /* DashBoardViewController.xib */,
				B0E40084234A2367001954D7 /* AllRoomViewController.swift */,
				B0E40085234A2367001954D7 /* AllRoomViewController.xib */,
				B0E40088234A2375001954D7 /* RankViewController.swift */,
				B0E40089234A2375001954D7 /* RankViewController.xib */,
				B0E4008C234A2387001954D7 /* ProfileViewController.swift */,
				B0E4008D234A2387001954D7 /* ProfileViewController.xib */,
				B0701951234E2A7100F7141A /* ContainerViewController.swift */,
				B0701952234E2A7100F7141A /* ContainerViewController.xib */,
			);
			path = Controller;
			sourceTree = "<group>";
		};
		B0F890342344DBFA005B496A /* Model */ = {
			isa = PBXGroup;
			children = (
				B0F8903C2344EE6B005B496A /* Login.swift */,
				B0F890422344F9F5005B496A /* AccountDataManager.swift */,
				B0CB6DE02346452300626CFA /* Register.swift */,
				B0E400802349FB27001954D7 /* AllRoom.swift */,
			);
			path = Model;
			sourceTree = "<group>";
		};
		B0F890352344DBFE005B496A /* View */ = {
			isa = PBXGroup;
			children = (
				B0701955234E2D0F00F7141A /* AllRoomCell.swift */,
				B0701956234E2D0F00F7141A /* AllRoomCell.xib */,
			);
			path = View;
			sourceTree = "<group>";
		};
		B0F89044234507F9005B496A /* Helper */ = {
			isa = PBXGroup;
			children = (
				B0F890362344DC0D005B496A /* Enums.swift */,
				B0F890402344F86A005B496A /* Helper.swift */,
				B049A8CF234791D000E630BB /* Utils.swift */,
			);
			path = Helper;
			sourceTree = "<group>";
		};
/* End PBXGroup section */

/* Begin PBXNativeTarget section */
		B00BA4D0234235C500FD6D35 /* GameCaro */ = {
			isa = PBXNativeTarget;
			buildConfigurationList = B00BA4E3234235C700FD6D35 /* Build configuration list for PBXNativeTarget "GameCaro" */;
			buildPhases = (
				8DF019AE058063D3C9D377B4 /* [CP] Check Pods Manifest.lock */,
				B00BA4CD234235C500FD6D35 /* Sources */,
				B00BA4CE234235C500FD6D35 /* Frameworks */,
				B00BA4CF234235C500FD6D35 /* Resources */,
				F5154F1BFEF8876D409CD0E6 /* [CP] Embed Pods Frameworks */,
			);
			buildRules = (
			);
			dependencies = (
			);
			name = GameCaro;
			productName = GameCaro;
			productReference = B00BA4D1234235C500FD6D35 /* GameCaro.app */;
			productType = "com.apple.product-type.application";
		};
/* End PBXNativeTarget section */

/* Begin PBXProject section */
		B00BA4C9234235C500FD6D35 /* Project object */ = {
			isa = PBXProject;
			attributes = {
				LastSwiftUpdateCheck = 1010;
				LastUpgradeCheck = 1010;
				ORGANIZATIONNAME = DatNguyen;
				TargetAttributes = {
					B00BA4D0234235C500FD6D35 = {
						CreatedOnToolsVersion = 10.1;
					};
				};
			};
			buildConfigurationList = B00BA4CC234235C500FD6D35 /* Build configuration list for PBXProject "GameCaro" */;
			compatibilityVersion = "Xcode 9.3";
			developmentRegion = en;
			hasScannedForEncodings = 0;
			knownRegions = (
				en,
				Base,
			);
			mainGroup = B00BA4C8234235C500FD6D35;
			productRefGroup = B00BA4D2234235C500FD6D35 /* Products */;
			projectDirPath = "";
			projectRoot = "";
			targets = (
				B00BA4D0234235C500FD6D35 /* GameCaro */,
			);
		};
/* End PBXProject section */

/* Begin PBXResourcesBuildPhase section */
		B00BA4CF234235C500FD6D35 /* Resources */ = {
			isa = PBXResourcesBuildPhase;
			buildActionMask = 2147483647;
			files = (
				B00BA4DF234235C700FD6D35 /* LaunchScreen.storyboard in Resources */,
				B00BA4DC234235C700FD6D35 /* Assets.xcassets in Resources */,
				B0701958234E2D0F00F7141A /* AllRoomCell.xib in Resources */,
				B0E4008F234A2387001954D7 /* ProfileViewController.xib in Resources */,
				B0F8903B2344E4A4005B496A /* LoginViewController.xib in Resources */,
				B0F8904823450AD9005B496A /* RegisterViewController.xib in Resources */,
				B049A8CB23477EAB00E630BB /* DashBoardViewController.xib in Resources */,
				B0E4008B234A2375001954D7 /* RankViewController.xib in Resources */,
				B0E40087234A2367001954D7 /* AllRoomViewController.xib in Resources */,
				B0701954234E2A7100F7141A /* ContainerViewController.xib in Resources */,
			);
			runOnlyForDeploymentPostprocessing = 0;
		};
/* End PBXResourcesBuildPhase section */

/* Begin PBXShellScriptBuildPhase section */
		8DF019AE058063D3C9D377B4 /* [CP] Check Pods Manifest.lock */ = {
			isa = PBXShellScriptBuildPhase;
			buildActionMask = 2147483647;
			files = (
			);
			inputFileListPaths = (
			);
			inputPaths = (
				"${PODS_PODFILE_DIR_PATH}/Podfile.lock",
				"${PODS_ROOT}/Manifest.lock",
			);
			name = "[CP] Check Pods Manifest.lock";
			outputFileListPaths = (
			);
			outputPaths = (
				"$(DERIVED_FILE_DIR)/Pods-GameCaro-checkManifestLockResult.txt",
			);
			runOnlyForDeploymentPostprocessing = 0;
			shellPath = /bin/sh;
			shellScript = "diff \"${PODS_PODFILE_DIR_PATH}/Podfile.lock\" \"${PODS_ROOT}/Manifest.lock\" > /dev/null\nif [ $? != 0 ] ; then\n    # print error to STDERR\n    echo \"error: The sandbox is not in sync with the Podfile.lock. Run 'pod install' or update your CocoaPods installation.\" >&2\n    exit 1\nfi\n# This output is used by Xcode 'outputs' to avoid re-running this script phase.\necho \"SUCCESS\" > \"${SCRIPT_OUTPUT_FILE_0}\"\n";
			showEnvVarsInLog = 0;
		};
		F5154F1BFEF8876D409CD0E6 /* [CP] Embed Pods Frameworks */ = {
			isa = PBXShellScriptBuildPhase;
			buildActionMask = 2147483647;
			files = (
			);
			inputFileListPaths = (
				"${PODS_ROOT}/Target Support Files/Pods-GameCaro/Pods-GameCaro-frameworks-${CONFIGURATION}-input-files.xcfilelist",
			);
			name = "[CP] Embed Pods Frameworks";
			outputFileListPaths = (
				"${PODS_ROOT}/Target Support Files/Pods-GameCaro/Pods-GameCaro-frameworks-${CONFIGURATION}-output-files.xcfilelist",
			);
			runOnlyForDeploymentPostprocessing = 0;
			shellPath = /bin/sh;
			shellScript = "\"${PODS_ROOT}/Target Support Files/Pods-GameCaro/Pods-GameCaro-frameworks.sh\"\n";
			showEnvVarsInLog = 0;
		};
/* End PBXShellScriptBuildPhase section */

/* Begin PBXSourcesBuildPhase section */
		B00BA4CD234235C500FD6D35 /* Sources */ = {
			isa = PBXSourcesBuildPhase;
			buildActionMask = 2147483647;
			files = (
				B0F890432344F9F5005B496A /* AccountDataManager.swift in Sources */,
				B0F8903A2344E4A4005B496A /* LoginViewController.swift in Sources */,
				B0E4008E234A2387001954D7 /* ProfileViewController.swift in Sources */,
				B0CB6DE42346496400626CFA /* Extension+UIView.swift in Sources */,
				B0F890412344F86A005B496A /* Helper.swift in Sources */,
				B0E4007F2349EFEC001954D7 /* WebSocket.swift in Sources */,
				B0CB6DE12346452300626CFA /* Register.swift in Sources */,
				B0E4008A234A2375001954D7 /* RankViewController.swift in Sources */,
				B049A8D0234791D000E630BB /* Utils.swift in Sources */,
				B0F8904723450AD9005B496A /* RegisterViewController.swift in Sources */,
				B049A8CD234786C700E630BB /* Extension + UIViewController.swift in Sources */,
				B0F8903D2344EE6B005B496A /* Login.swift in Sources */,
				B00BA4D5234235C500FD6D35 /* AppDelegate.swift in Sources */,
				B049A8CA23477EAB00E630BB /* DashBoardViewController.swift in Sources */,
				B0701957234E2D0F00F7141A /* AllRoomCell.swift in Sources */,
				B0E40094234A409B001954D7 /* AdvanceTemplate.swift in Sources */,
				B0F890372344DC0E005B496A /* Enums.swift in Sources */,
				B0701953234E2A7100F7141A /* ContainerViewController.swift in Sources */,
				B049A8D22347AD7D00E630BB /* MasterViewController.swift in Sources */,
				B0E40086234A2367001954D7 /* AllRoomViewController.swift in Sources */,
				B0E400812349FB27001954D7 /* AllRoom.swift in Sources */,
				B0A564B5234251F5000764D6 /* Service.swift in Sources */,
			);
			runOnlyForDeploymentPostprocessing = 0;
		};
/* End PBXSourcesBuildPhase section */

/* Begin PBXVariantGroup section */
		B00BA4DD234235C700FD6D35 /* LaunchScreen.storyboard */ = {
			isa = PBXVariantGroup;
			children = (
				B00BA4DE234235C700FD6D35 /* Base */,
			);
			name = LaunchScreen.storyboard;
			sourceTree = "<group>";
		};
/* End PBXVariantGroup section */

/* Begin XCBuildConfiguration section */
		B00BA4E1234235C700FD6D35 /* Debug */ = {
			isa = XCBuildConfiguration;
			buildSettings = {
				ALWAYS_SEARCH_USER_PATHS = NO;
				CLANG_ANALYZER_NONNULL = YES;
				CLANG_ANALYZER_NUMBER_OBJECT_CONVERSION = YES_AGGRESSIVE;
				CLANG_CXX_LANGUAGE_STANDARD = "gnu++14";
				CLANG_CXX_LIBRARY = "libc++";
				CLANG_ENABLE_MODULES = YES;
				CLANG_ENABLE_OBJC_ARC = YES;
				CLANG_ENABLE_OBJC_WEAK = YES;
				CLANG_WARN_BLOCK_CAPTURE_AUTORELEASING = YES;
				CLANG_WARN_BOOL_CONVERSION = YES;
				CLANG_WARN_COMMA = YES;
				CLANG_WARN_CONSTANT_CONVERSION = YES;
				CLANG_WARN_DEPRECATED_OBJC_IMPLEMENTATIONS = YES;
				CLANG_WARN_DIRECT_OBJC_ISA_USAGE = YES_ERROR;
				CLANG_WARN_DOCUMENTATION_COMMENTS = YES;
				CLANG_WARN_EMPTY_BODY = YES;
				CLANG_WARN_ENUM_CONVERSION = YES;
				CLANG_WARN_INFINITE_RECURSION = YES;
				CLANG_WARN_INT_CONVERSION = YES;
				CLANG_WARN_NON_LITERAL_NULL_CONVERSION = YES;
				CLANG_WARN_OBJC_IMPLICIT_RETAIN_SELF = YES;
				CLANG_WARN_OBJC_LITERAL_CONVERSION = YES;
				CLANG_WARN_OBJC_ROOT_CLASS = YES_ERROR;
				CLANG_WARN_RANGE_LOOP_ANALYSIS = YES;
				CLANG_WARN_STRICT_PROTOTYPES = YES;
				CLANG_WARN_SUSPICIOUS_MOVE = YES;
				CLANG_WARN_UNGUARDED_AVAILABILITY = YES_AGGRESSIVE;
				CLANG_WARN_UNREACHABLE_CODE = YES;
				CLANG_WARN__DUPLICATE_METHOD_MATCH = YES;
				CODE_SIGN_IDENTITY = "iPhone Developer";
				COPY_PHASE_STRIP = NO;
				DEBUG_INFORMATION_FORMAT = dwarf;
				ENABLE_STRICT_OBJC_MSGSEND = YES;
				ENABLE_TESTABILITY = YES;
				GCC_C_LANGUAGE_STANDARD = gnu11;
				GCC_DYNAMIC_NO_PIC = NO;
				GCC_NO_COMMON_BLOCKS = YES;
				GCC_OPTIMIZATION_LEVEL = 0;
				GCC_PREPROCESSOR_DEFINITIONS = (
					"DEBUG=1",
					"$(inherited)",
				);
				GCC_WARN_64_TO_32_BIT_CONVERSION = YES;
				GCC_WARN_ABOUT_RETURN_TYPE = YES_ERROR;
				GCC_WARN_UNDECLARED_SELECTOR = YES;
				GCC_WARN_UNINITIALIZED_AUTOS = YES_AGGRESSIVE;
				GCC_WARN_UNUSED_FUNCTION = YES;
				GCC_WARN_UNUSED_VARIABLE = YES;
				IPHONEOS_DEPLOYMENT_TARGET = 12.1;
				MTL_ENABLE_DEBUG_INFO = INCLUDE_SOURCE;
				MTL_FAST_MATH = YES;
				ONLY_ACTIVE_ARCH = YES;
				SDKROOT = iphoneos;
				SWIFT_ACTIVE_COMPILATION_CONDITIONS = DEBUG;
				SWIFT_OPTIMIZATION_LEVEL = "-Onone";
			};
			name = Debug;
		};
		B00BA4E2234235C700FD6D35 /* Release */ = {
			isa = XCBuildConfiguration;
			buildSettings = {
				ALWAYS_SEARCH_USER_PATHS = NO;
				CLANG_ANALYZER_NONNULL = YES;
				CLANG_ANALYZER_NUMBER_OBJECT_CONVERSION = YES_AGGRESSIVE;
				CLANG_CXX_LANGUAGE_STANDARD = "gnu++14";
				CLANG_CXX_LIBRARY = "libc++";
				CLANG_ENABLE_MODULES = YES;
				CLANG_ENABLE_OBJC_ARC = YES;
				CLANG_ENABLE_OBJC_WEAK = YES;
				CLANG_WARN_BLOCK_CAPTURE_AUTORELEASING = YES;
				CLANG_WARN_BOOL_CONVERSION = YES;
				CLANG_WARN_COMMA = YES;
				CLANG_WARN_CONSTANT_CONVERSION = YES;
				CLANG_WARN_DEPRECATED_OBJC_IMPLEMENTATIONS = YES;
				CLANG_WARN_DIRECT_OBJC_ISA_USAGE = YES_ERROR;
				CLANG_WARN_DOCUMENTATION_COMMENTS = YES;
				CLANG_WARN_EMPTY_BODY = YES;
				CLANG_WARN_ENUM_CONVERSION = YES;
				CLANG_WARN_INFINITE_RECURSION = YES;
				CLANG_WARN_INT_CONVERSION = YES;
				CLANG_WARN_NON_LITERAL_NULL_CONVERSION = YES;
				CLANG_WARN_OBJC_IMPLICIT_RETAIN_SELF = YES;
				CLANG_WARN_OBJC_LITERAL_CONVERSION = YES;
				CLANG_WARN_OBJC_ROOT_CLASS = YES_ERROR;
				CLANG_WARN_RANGE_LOOP_ANALYSIS = YES;
				CLANG_WARN_STRICT_PROTOTYPES = YES;
				CLANG_WARN_SUSPICIOUS_MOVE = YES;
				CLANG_WARN_UNGUARDED_AVAILABILITY = YES_AGGRESSIVE;
				CLANG_WARN_UNREACHABLE_CODE = YES;
				CLANG_WARN__DUPLICATE_METHOD_MATCH = YES;
				CODE_SIGN_IDENTITY = "iPhone Developer";
				COPY_PHASE_STRIP = NO;
				DEBUG_INFORMATION_FORMAT = "dwarf-with-dsym";
				ENABLE_NS_ASSERTIONS = NO;
				ENABLE_STRICT_OBJC_MSGSEND = YES;
				GCC_C_LANGUAGE_STANDARD = gnu11;
				GCC_NO_COMMON_BLOCKS = YES;
				GCC_WARN_64_TO_32_BIT_CONVERSION = YES;
				GCC_WARN_ABOUT_RETURN_TYPE = YES_ERROR;
				GCC_WARN_UNDECLARED_SELECTOR = YES;
				GCC_WARN_UNINITIALIZED_AUTOS = YES_AGGRESSIVE;
				GCC_WARN_UNUSED_FUNCTION = YES;
				GCC_WARN_UNUSED_VARIABLE = YES;
				IPHONEOS_DEPLOYMENT_TARGET = 12.1;
				MTL_ENABLE_DEBUG_INFO = NO;
				MTL_FAST_MATH = YES;
				SDKROOT = iphoneos;
				SWIFT_COMPILATION_MODE = wholemodule;
				SWIFT_OPTIMIZATION_LEVEL = "-O";
				VALIDATE_PRODUCT = YES;
			};
			name = Release;
		};
		B00BA4E4234235C700FD6D35 /* Debug */ = {
			isa = XCBuildConfiguration;
			baseConfigurationReference = AC74EDF0B4D596894F9BA248 /* Pods-GameCaro.debug.xcconfig */;
			buildSettings = {
				ASSETCATALOG_COMPILER_APPICON_NAME = AppIcon;
				CODE_SIGN_STYLE = Automatic;
				DEVELOPMENT_TEAM = 8688M77G2G;
				INFOPLIST_FILE = GameCaro/Info.plist;
				IPHONEOS_DEPLOYMENT_TARGET = 10.0;
				LD_RUNPATH_SEARCH_PATHS = (
					"$(inherited)",
					"@executable_path/Frameworks",
				);
				PRODUCT_BUNDLE_IDENTIFIER = com.DatNguyen.GameCaro;
				PRODUCT_NAME = "$(TARGET_NAME)";
				SWIFT_VERSION = 4.2;
				TARGETED_DEVICE_FAMILY = "1,2";
			};
			name = Debug;
		};
		B00BA4E5234235C700FD6D35 /* Release */ = {
			isa = XCBuildConfiguration;
			baseConfigurationReference = 1D0263BD1F994DCCD75ADAD3 /* Pods-GameCaro.release.xcconfig */;
			buildSettings = {
				ASSETCATALOG_COMPILER_APPICON_NAME = AppIcon;
				CODE_SIGN_STYLE = Automatic;
				DEVELOPMENT_TEAM = 8688M77G2G;
				INFOPLIST_FILE = GameCaro/Info.plist;
				IPHONEOS_DEPLOYMENT_TARGET = 10.0;
				LD_RUNPATH_SEARCH_PATHS = (
					"$(inherited)",
					"@executable_path/Frameworks",
				);
				PRODUCT_BUNDLE_IDENTIFIER = com.DatNguyen.GameCaro;
				PRODUCT_NAME = "$(TARGET_NAME)";
				SWIFT_VERSION = 4.2;
				TARGETED_DEVICE_FAMILY = "1,2";
			};
			name = Release;
		};
/* End XCBuildConfiguration section */

/* Begin XCConfigurationList section */
		B00BA4CC234235C500FD6D35 /* Build configuration list for PBXProject "GameCaro" */ = {
			isa = XCConfigurationList;
			buildConfigurations = (
				B00BA4E1234235C700FD6D35 /* Debug */,
				B00BA4E2234235C700FD6D35 /* Release */,
			);
			defaultConfigurationIsVisible = 0;
			defaultConfigurationName = Release;
		};
		B00BA4E3234235C700FD6D35 /* Build configuration list for PBXNativeTarget "GameCaro" */ = {
			isa = XCConfigurationList;
			buildConfigurations = (
				B00BA4E4234235C700FD6D35 /* Debug */,
				B00BA4E5234235C700FD6D35 /* Release */,
			);
			defaultConfigurationIsVisible = 0;
			defaultConfigurationName = Release;
		};
/* End XCConfigurationList section */
	};
	rootObject = B00BA4C9234235C500FD6D35 /* Project object */;
}
